
Microsoft Visual Studio Solution File, Format Version 12.00
# Visual Studio 15
VisualStudioVersion = 15.0.26730.3
MinimumVisualStudioVersion = 10.0.40219.1
Project("{FAE04EC0-301F-11D3-BF4B-00C04F79EFBC}") = "ExpressionBuilderSample", "ExpressionBuilderSample\ExpressionBuilderSample.csproj", "{444BC2CE-CF26-4374-BF6E-802562907DB3}"
EndProject
Global
	GlobalSection(SolutionConfigurationPlatforms) = preSolution
		Debug|Any CPU = Debug|Any CPU
		Release|Any CPU = Release|Any CPU
	EndGlobalSection
	GlobalSection(ProjectConfigurationPlatforms) = postSolution
		{444BC2CE-CF26-4374-BF6E-802562907DB3}.Debug|Any CPU.ActiveCfg = Debug|Any CPU
		{444BC2CE-CF26-4374-BF6E-802562907DB3}.Debug|Any CPU.Build.0 = Debug|Any CPU
		{444BC2CE-CF26-4374-BF6E-802562907DB3}.Release|Any CPU.ActiveCfg = Release|Any CPU
		{444BC2CE-CF26-4374-BF6E-802562907DB3}.Release|Any CPU.Build.0 = Release|Any CPU
	EndGlobalSection
	GlobalSection(SolutionProperties) = preSolution
		HideSolutionNode = FALSE
	EndGlobalSection
	GlobalSection(ExtensibilityGlobals) = postSolution
		SolutionGuid = {4402215B-9D2A-41FF-90A1-24447982B34B}
	EndGlobalSection
EndGlobal
